
Microsoft Visual Studio Solution File, Format Version 12.00
# Visual Studio Version 17
VisualStudioVersion = 17.5.002.0
MinimumVisualStudioVersion = 10.0.40219.1
Project("{9A19103F-16F7-4668-BE54-9A1E7A4F7556}") = "Collections", "Collections.csproj", "{47A2659A-0043-4149-B2D4-908DB9C4EAD0}"
EndProject
Global
	GlobalSection(SolutionConfigurationPlatforms) = preSolution
		Debug|Any CPU = Debug|Any CPU
		Release|Any CPU = Release|Any CPU
	EndGlobalSection
	GlobalSection(ProjectConfigurationPlatforms) = postSolution
		{47A2659A-0043-4149-B2D4-908DB9C4EAD0}.Debug|Any CPU.ActiveCfg = Debug|Any CPU
		{47A2659A-0043-4149-B2D4-908DB9C4EAD0}.Debug|Any CPU.Build.0 = Debug|Any CPU
		{47A2659A-0043-4149-B2D4-908DB9C4EAD0}.Release|Any CPU.ActiveCfg = Release|Any CPU
		{47A2659A-0043-4149-B2D4-908DB9C4EAD0}.Release|Any CPU.Build.0 = Release|Any CPU
	EndGlobalSection
	GlobalSection(SolutionProperties) = preSolution
		HideSolutionNode = FALSE
	EndGlobalSection
	GlobalSection(ExtensibilityGlobals) = postSolution
		SolutionGuid = {504F13CE-59F7-4E3F-BBD5-90B9A822D857}
	EndGlobalSection
EndGlobal
