
Microsoft Visual Studio Solution File, Format Version 12.00
# Visual Studio Version 17
VisualStudioVersion = 17.5.002.0
MinimumVisualStudioVersion = 10.0.40219.1
Project("{9A19103F-16F7-4668-BE54-9A1E7A4F7556}") = "String_Method", "String_Method.csproj", "{E7DDEE61-AAF5-433A-B866-145423A37C29}"
EndProject
Global
	GlobalSection(SolutionConfigurationPlatforms) = preSolution
		Debug|Any CPU = Debug|Any CPU
		Release|Any CPU = Release|Any CPU
	EndGlobalSection
	GlobalSection(ProjectConfigurationPlatforms) = postSolution
		{E7DDEE61-AAF5-433A-B866-145423A37C29}.Debug|Any CPU.ActiveCfg = Debug|Any CPU
		{E7DDEE61-AAF5-433A-B866-145423A37C29}.Debug|Any CPU.Build.0 = Debug|Any CPU
		{E7DDEE61-AAF5-433A-B866-145423A37C29}.Release|Any CPU.ActiveCfg = Release|Any CPU
		{E7DDEE61-AAF5-433A-B866-145423A37C29}.Release|Any CPU.Build.0 = Release|Any CPU
	EndGlobalSection
	GlobalSection(SolutionProperties) = preSolution
		HideSolutionNode = FALSE
	EndGlobalSection
	GlobalSection(ExtensibilityGlobals) = postSolution
		SolutionGuid = {3D1977C6-C06D-493C-9DB3-E1CA475638F5}
	EndGlobalSection
EndGlobal
